
Microsoft Visual Studio Solution File, Format Version 12.00
# Visual Studio Version 17
VisualStudioVersion = 17.4.33103.184
MinimumVisualStudioVersion = 10.0.40219.1
Project("{FAE04EC0-301F-11D3-BF4B-00C04F79EFBC}") = "MorseCodeApp.Android", "MorseCodeApp\MorseCodeApp.Android\MorseCodeApp.Android.csproj", "{6E31499F-8AB2-4AB0-8F6E-9D576C1B1908}"
EndProject
Project("{FAE04EC0-301F-11D3-BF4B-00C04F79EFBC}") = "MorseCodeApp.iOS", "MorseCodeApp\MorseCodeApp.iOS\MorseCodeApp.iOS.csproj", "{51233AFB-2FDF-47B7-966B-7DA282B66D7A}"
EndProject
Project("{FAE04EC0-301F-11D3-BF4B-00C04F79EFBC}") = "MorseCodeApp", "MorseCodeApp\MorseCodeApp\MorseCodeApp.csproj", "{DAD45E20-C8D3-4C71-AC1D-FFFEA3781804}"
EndProject
Global
	GlobalSection(SolutionConfigurationPlatforms) = preSolution
		Debug|Any CPU = Debug|Any CPU
		Debug|iPhone = Debug|iPhone
		Debug|iPhoneSimulator = Debug|iPhoneSimulator
		Release|Any CPU = Release|Any CPU
		Release|iPhone = Release|iPhone
		Release|iPhoneSimulator = Release|iPhoneSimulator
	EndGlobalSection
	GlobalSection(ProjectConfigurationPlatforms) = postSolution
		{6E31499F-8AB2-4AB0-8F6E-9D576C1B1908}.Debug|Any CPU.ActiveCfg = Debug|Any CPU
		{6E31499F-8AB2-4AB0-8F6E-9D576C1B1908}.Debug|Any CPU.Build.0 = Debug|Any CPU
		{6E31499F-8AB2-4AB0-8F6E-9D576C1B1908}.Debug|Any CPU.Deploy.0 = Debug|Any CPU
		{6E31499F-8AB2-4AB0-8F6E-9D576C1B1908}.Debug|iPhone.ActiveCfg = Debug|Any CPU
		{6E31499F-8AB2-4AB0-8F6E-9D576C1B1908}.Debug|iPhone.Build.0 = Debug|Any CPU
		{6E31499F-8AB2-4AB0-8F6E-9D576C1B1908}.Debug|iPhone.Deploy.0 = Debug|Any CPU
		{6E31499F-8AB2-4AB0-8F6E-9D576C1B1908}.Debug|iPhoneSimulator.ActiveCfg = Debug|Any CPU
		{6E31499F-8AB2-4AB0-8F6E-9D576C1B1908}.Debug|iPhoneSimulator.Build.0 = Debug|Any CPU
		{6E31499F-8AB2-4AB0-8F6E-9D576C1B1908}.Debug|iPhoneSimulator.Deploy.0 = Debug|Any CPU
		{6E31499F-8AB2-4AB0-8F6E-9D576C1B1908}.Release|Any CPU.ActiveCfg = Release|Any CPU
		{6E31499F-8AB2-4AB0-8F6E-9D576C1B1908}.Release|Any CPU.Build.0 = Release|Any CPU
		{6E31499F-8AB2-4AB0-8F6E-9D576C1B1908}.Release|Any CPU.Deploy.0 = Release|Any CPU
		{6E31499F-8AB2-4AB0-8F6E-9D576C1B1908}.Release|iPhone.ActiveCfg = Release|Any CPU
		{6E31499F-8AB2-4AB0-8F6E-9D576C1B1908}.Release|iPhone.Build.0 = Release|Any CPU
		{6E31499F-8AB2-4AB0-8F6E-9D576C1B1908}.Release|iPhone.Deploy.0 = Release|Any CPU
		{6E31499F-8AB2-4AB0-8F6E-9D576C1B1908}.Release|iPhoneSimulator.ActiveCfg = Release|Any CPU
		{6E31499F-8AB2-4AB0-8F6E-9D576C1B1908}.Release|iPhoneSimulator.Build.0 = Release|Any CPU
		{6E31499F-8AB2-4AB0-8F6E-9D576C1B1908}.Release|iPhoneSimulator.Deploy.0 = Release|Any CPU
		{51233AFB-2FDF-47B7-966B-7DA282B66D7A}.Debug|Any CPU.ActiveCfg = Debug|iPhone
		{51233AFB-2FDF-47B7-966B-7DA282B66D7A}.Debug|Any CPU.Build.0 = Debug|iPhone
		{51233AFB-2FDF-47B7-966B-7DA282B66D7A}.Debug|Any CPU.Deploy.0 = Debug|iPhone
		{51233AFB-2FDF-47B7-966B-7DA282B66D7A}.Debug|iPhone.ActiveCfg = Debug|iPhone
		{51233AFB-2FDF-47B7-966B-7DA282B66D7A}.Debug|iPhone.Build.0 = Debug|iPhone
		{51233AFB-2FDF-47B7-966B-7DA282B66D7A}.Debug|iPhone.Deploy.0 = Debug|iPhone
		{51233AFB-2FDF-47B7-966B-7DA282B66D7A}.Debug|iPhoneSimulator.ActiveCfg = Debug|iPhoneSimulator
		{51233AFB-2FDF-47B7-966B-7DA282B66D7A}.Debug|iPhoneSimulator.Build.0 = Debug|iPhoneSimulator
		{51233AFB-2FDF-47B7-966B-7DA282B66D7A}.Debug|iPhoneSimulator.Deploy.0 = Debug|iPhoneSimulator
		{51233AFB-2FDF-47B7-966B-7DA282B66D7A}.Release|Any CPU.ActiveCfg = Release|iPhoneSimulator
		{51233AFB-2FDF-47B7-966B-7DA282B66D7A}.Release|Any CPU.Build.0 = Release|iPhoneSimulator
		{51233AFB-2FDF-47B7-966B-7DA282B66D7A}.Release|Any CPU.Deploy.0 = Release|iPhoneSimulator
		{51233AFB-2FDF-47B7-966B-7DA282B66D7A}.Release|iPhone.ActiveCfg = Release|iPhone
		{51233AFB-2FDF-47B7-966B-7DA282B66D7A}.Release|iPhone.Build.0 = Release|iPhone
		{51233AFB-2FDF-47B7-966B-7DA282B66D7A}.Release|iPhone.Deploy.0 = Release|iPhone
		{51233AFB-2FDF-47B7-966B-7DA282B66D7A}.Release|iPhoneSimulator.ActiveCfg = Release|iPhoneSimulator
		{51233AFB-2FDF-47B7-966B-7DA282B66D7A}.Release|iPhoneSimulator.Build.0 = Release|iPhoneSimulator
		{51233AFB-2FDF-47B7-966B-7DA282B66D7A}.Release|iPhoneSimulator.Deploy.0 = Release|iPhoneSimulator
		{DAD45E20-C8D3-4C71-AC1D-FFFEA3781804}.Debug|Any CPU.ActiveCfg = Debug|Any CPU
		{DAD45E20-C8D3-4C71-AC1D-FFFEA3781804}.Debug|Any CPU.Build.0 = Debug|Any CPU
		{DAD45E20-C8D3-4C71-AC1D-FFFEA3781804}.Debug|Any CPU.Deploy.0 = Debug|Any CPU
		{DAD45E20-C8D3-4C71-AC1D-FFFEA3781804}.Debug|iPhone.ActiveCfg = Debug|Any CPU
		{DAD45E20-C8D3-4C71-AC1D-FFFEA3781804}.Debug|iPhone.Build.0 = Debug|Any CPU
		{DAD45E20-C8D3-4C71-AC1D-FFFEA3781804}.Debug|iPhone.Deploy.0 = Debug|Any CPU
		{DAD45E20-C8D3-4C71-AC1D-FFFEA3781804}.Debug|iPhoneSimulator.ActiveCfg = Debug|Any CPU
		{DAD45E20-C8D3-4C71-AC1D-FFFEA3781804}.Debug|iPhoneSimulator.Build.0 = Debug|Any CPU
		{DAD45E20-C8D3-4C71-AC1D-FFFEA3781804}.Debug|iPhoneSimulator.Deploy.0 = Debug|Any CPU
		{DAD45E20-C8D3-4C71-AC1D-FFFEA3781804}.Release|Any CPU.ActiveCfg = Release|Any CPU
		{DAD45E20-C8D3-4C71-AC1D-FFFEA3781804}.Release|Any CPU.Build.0 = Release|Any CPU
		{DAD45E20-C8D3-4C71-AC1D-FFFEA3781804}.Release|Any CPU.Deploy.0 = Release|Any CPU
		{DAD45E20-C8D3-4C71-AC1D-FFFEA3781804}.Release|iPhone.ActiveCfg = Release|Any CPU
		{DAD45E20-C8D3-4C71-AC1D-FFFEA3781804}.Release|iPhone.Build.0 = Release|Any CPU
		{DAD45E20-C8D3-4C71-AC1D-FFFEA3781804}.Release|iPhone.Deploy.0 = Release|Any CPU
		{DAD45E20-C8D3-4C71-AC1D-FFFEA3781804}.Release|iPhoneSimulator.ActiveCfg = Release|Any CPU
		{DAD45E20-C8D3-4C71-AC1D-FFFEA3781804}.Release|iPhoneSimulator.Build.0 = Release|Any CPU
		{DAD45E20-C8D3-4C71-AC1D-FFFEA3781804}.Release|iPhoneSimulator.Deploy.0 = Release|Any CPU
	EndGlobalSection
	GlobalSection(SolutionProperties) = preSolution
		HideSolutionNode = FALSE
	EndGlobalSection
	GlobalSection(ExtensibilityGlobals) = postSolution
		SolutionGuid = {BCA40FCB-73A2-40D5-84BB-87899304AF25}
	EndGlobalSection
EndGlobal
